// !$*UTF8*$!
{
	archiveVersion = 1;
	classes = {
	};
	objectVersion = 50;
	objects = {

/* Begin PBXBuildFile section */
		FA4B3B4325BBD6200013B3ED /* AppDelegate.swift in Sources */ = {isa = PBXBuildFile; fileRef = FA4B3B4225BBD6200013B3ED /* AppDelegate.swift */; };
		FA4B3B4525BBD6200013B3ED /* SceneDelegate.swift in Sources */ = {isa = PBXBuildFile; fileRef = FA4B3B4425BBD6200013B3ED /* SceneDelegate.swift */; };
		FA4B3B4725BBD6200013B3ED /* ContentView.swift in Sources */ = {isa = PBXBuildFile; fileRef = FA4B3B4625BBD6200013B3ED /* ContentView.swift */; };
		FA4B3B4925BBD6210013B3ED /* Assets.xcassets in Resources */ = {isa = PBXBuildFile; fileRef = FA4B3B4825BBD6210013B3ED /* Assets.xcassets */; };
		FA4B3B4C25BBD6210013B3ED /* Preview Assets.xcassets in Resources */ = {isa = PBXBuildFile; fileRef = FA4B3B4B25BBD6210013B3ED /* Preview Assets.xcassets */; };
		FA4B3B4F25BBD6210013B3ED /* LaunchScreen.storyboard in Resources */ = {isa = PBXBuildFile; fileRef = FA4B3B4D25BBD6210013B3ED /* LaunchScreen.storyboard */; };
		FA4B3B5A25BBD6220013B3ED /* InstaOneTests.swift in Sources */ = {isa = PBXBuildFile; fileRef = FA4B3B5925BBD6220013B3ED /* InstaOneTests.swift */; };
		FA4B3B6525BBD6220013B3ED /* InstaOneUITests.swift in Sources */ = {isa = PBXBuildFile; fileRef = FA4B3B6425BBD6220013B3ED /* InstaOneUITests.swift */; };
/* End PBXBuildFile section */

/* Begin PBXContainerItemProxy section */
		FA4B3B5625BBD6220013B3ED /* PBXContainerItemProxy */ = {
			isa = PBXContainerItemProxy;
			containerPortal = FA4B3B3725BBD6200013B3ED /* Project object */;
			proxyType = 1;
			remoteGlobalIDString = FA4B3B3E25BBD6200013B3ED;
			remoteInfo = InstaOne;
		};
		FA4B3B6125BBD6220013B3ED /* PBXContainerItemProxy */ = {
			isa = PBXContainerItemProxy;
			containerPortal = FA4B3B3725BBD6200013B3ED /* Project object */;
			proxyType = 1;
			remoteGlobalIDString = FA4B3B3E25BBD6200013B3ED;
			remoteInfo = InstaOne;
		};
/* End PBXContainerItemProxy section */

/* Begin PBXFileReference section */
		FA4B3B3F25BBD6200013B3ED /* InstaOne.app */ = {isa = PBXFileReference; explicitFileType = wrapper.application; includeInIndex = 0; path = InstaOne.app; sourceTree = BUILT_PRODUCTS_DIR; };
		FA4B3B4225BBD6200013B3ED /* AppDelegate.swift */ = {isa = PBXFileReference; lastKnownFileType = sourcecode.swift; path = AppDelegate.swift; sourceTree = "<group>"; };
		FA4B3B4425BBD6200013B3ED /* SceneDelegate.swift */ = {isa = PBXFileReference; lastKnownFileType = sourcecode.swift; path = SceneDelegate.swift; sourceTree = "<group>"; };
		FA4B3B4625BBD6200013B3ED /* ContentView.swift */ = {isa = PBXFileReference; lastKnownFileType = sourcecode.swift; path = ContentView.swift; sourceTree = "<group>"; };
		FA4B3B4825BBD6210013B3ED /* Assets.xcassets */ = {isa = PBXFileReference; lastKnownFileType = folder.assetcatalog; path = Assets.xcassets; sourceTree = "<group>"; };
		FA4B3B4B25BBD6210013B3ED /* Preview Assets.xcassets */ = {isa = PBXFileReference; lastKnownFileType = folder.assetcatalog; path = "Preview Assets.xcassets"; sourceTree = "<group>"; };
		FA4B3B4E25BBD6210013B3ED /* Base */ = {isa = PBXFileReference; lastKnownFileType = file.storyboard; name = Base; path = Base.lproj/LaunchScreen.storyboard; sourceTree = "<group>"; };
		FA4B3B5025BBD6210013B3ED /* Info.plist */ = {isa = PBXFileReference; lastKnownFileType = text.plist.xml; path = Info.plist; sourceTree = "<group>"; };
		FA4B3B5525BBD6220013B3ED /* InstaOneTests.xctest */ = {isa = PBXFileReference; explicitFileType = wrapper.cfbundle; includeInIndex = 0; path = InstaOneTests.xctest; sourceTree = BUILT_PRODUCTS_DIR; };
		FA4B3B5925BBD6220013B3ED /* InstaOneTests.swift */ = {isa = PBXFileReference; lastKnownFileType = sourcecode.swift; path = InstaOneTests.swift; sourceTree = "<group>"; };
		FA4B3B5B25BBD6220013B3ED /* Info.plist */ = {isa = PBXFileReference; lastKnownFileType = text.plist.xml; path = Info.plist; sourceTree = "<group>"; };
		FA4B3B6025BBD6220013B3ED /* InstaOneUITests.xctest */ = {isa = PBXFileReference; explicitFileType = wrapper.cfbundle; includeInIndex = 0; path = InstaOneUITests.xctest; sourceTree = BUILT_PRODUCTS_DIR; };
		FA4B3B6425BBD6220013B3ED /* InstaOneUITests.swift */ = {isa = PBXFileReference; lastKnownFileType = sourcecode.swift; path = InstaOneUITests.swift; sourceTree = "<group>"; };
		FA4B3B6625BBD6220013B3ED /* Info.plist */ = {isa = PBXFileReference; lastKnownFileType = text.plist.xml; path = Info.plist; sourceTree = "<group>"; };
/* End PBXFileReference section */

/* Begin PBXFrameworksBuildPhase section */
		FA4B3B3C25BBD6200013B3ED /* Frameworks */ = {
			isa = PBXFrameworksBuildPhase;
			buildActionMask = 2147483647;
			files = (
			);
			runOnlyForDeploymentPostprocessing = 0;
		};
		FA4B3B5225BBD6220013B3ED /* Frameworks */ = {
			isa = PBXFrameworksBuildPhase;
			buildActionMask = 2147483647;
			files = (
			);
			runOnlyForDeploymentPostprocessing = 0;
		};
		FA4B3B5D25BBD6220013B3ED /* Frameworks */ = {
			isa = PBXFrameworksBuildPhase;
			buildActionMask = 2147483647;
			files = (
			);
			runOnlyForDeploymentPostprocessing = 0;
		};
/* End PBXFrameworksBuildPhase section */

/* Begin PBXGroup section */
		FA4B3B3625BBD6200013B3ED = {
			isa = PBXGroup;
			children = (
				FA4B3B4125BBD6200013B3ED /* InstaOne */,
				FA4B3B5825BBD6220013B3ED /* InstaOneTests */,
				FA4B3B6325BBD6220013B3ED /* InstaOneUITests */,
				FA4B3B4025BBD6200013B3ED /* Products */,
			);
			sourceTree = "<group>";
		};
		FA4B3B4025BBD6200013B3ED /* Products */ = {
			isa = PBXGroup;
			children = (
				FA4B3B3F25BBD6200013B3ED /* InstaOne.app */,
				FA4B3B5525BBD6220013B3ED /* InstaOneTests.xctest */,
				FA4B3B6025BBD6220013B3ED /* InstaOneUITests.xctest */,
			);
			name = Products;
			sourceTree = "<group>";
		};
		FA4B3B4125BBD6200013B3ED /* InstaOne */ = {
			isa = PBXGroup;
			children = (
				FA4B3B4225BBD6200013B3ED /* AppDelegate.swift */,
				FA4B3B4425BBD6200013B3ED /* SceneDelegate.swift */,
				FA4B3B4625BBD6200013B3ED /* ContentView.swift */,
				FA4B3B4825BBD6210013B3ED /* Assets.xcassets */,
				FA4B3B4D25BBD6210013B3ED /* LaunchScreen.storyboard */,
				FA4B3B5025BBD6210013B3ED /* Info.plist */,
				FA4B3B4A25BBD6210013B3ED /* Preview Content */,
			);
			path = InstaOne;
			sourceTree = "<group>";
		};
		FA4B3B4A25BBD6210013B3ED /* Preview Content */ = {
			isa = PBXGroup;
			children = (
				FA4B3B4B25BBD6210013B3ED /* Preview Assets.xcassets */,
			);
			path = "Preview Content";
			sourceTree = "<group>";
		};
		FA4B3B5825BBD6220013B3ED /* InstaOneTests */ = {
			isa = PBXGroup;
			children = (
				FA4B3B5925BBD6220013B3ED /* InstaOneTests.swift */,
				FA4B3B5B25BBD6220013B3ED /* Info.plist */,
			);
			path = InstaOneTests;
			sourceTree = "<group>";
		};
		FA4B3B6325BBD6220013B3ED /* InstaOneUITests */ = {
			isa = PBXGroup;
			children = (
				FA4B3B6425BBD6220013B3ED /* InstaOneUITests.swift */,
				FA4B3B6625BBD6220013B3ED /* Info.plist */,
			);
			path = InstaOneUITests;
			sourceTree = "<group>";
		};
/* End PBXGroup section */

/* Begin PBXNativeTarget section */
		FA4B3B3E25BBD6200013B3ED /* InstaOne */ = {
			isa = PBXNativeTarget;
			buildConfigurationList = FA4B3B6925BBD6220013B3ED /* Build configuration list for PBXNativeTarget "InstaOne" */;
			buildPhases = (
				FA4B3B3B25BBD6200013B3ED /* Sources */,
				FA4B3B3C25BBD6200013B3ED /* Frameworks */,
				FA4B3B3D25BBD6200013B3ED /* Resources */,
			);
			buildRules = (
			);
			dependencies = (
			);
			name = InstaOne;
			productName = InstaOne;
			productReference = FA4B3B3F25BBD6200013B3ED /* InstaOne.app */;
			productType = "com.apple.product-type.application";
		};
		FA4B3B5425BBD6220013B3ED /* InstaOneTests */ = {
			isa = PBXNativeTarget;
			buildConfigurationList = FA4B3B6C25BBD6220013B3ED /* Build configuration list for PBXNativeTarget "InstaOneTests" */;
			buildPhases = (
				FA4B3B5125BBD6220013B3ED /* Sources */,
				FA4B3B5225BBD6220013B3ED /* Frameworks */,
				FA4B3B5325BBD6220013B3ED /* Resources */,
			);
			buildRules = (
			);
			dependencies = (
				FA4B3B5725BBD6220013B3ED /* PBXTargetDependency */,
			);
			name = InstaOneTests;
			productName = InstaOneTests;
			productReference = FA4B3B5525BBD6220013B3ED /* InstaOneTests.xctest */;
			productType = "com.apple.product-type.bundle.unit-test";
		};
		FA4B3B5F25BBD6220013B3ED /* InstaOneUITests */ = {
			isa = PBXNativeTarget;
			buildConfigurationList = FA4B3B6F25BBD6220013B3ED /* Build configuration list for PBXNativeTarget "InstaOneUITests" */;
			buildPhases = (
				FA4B3B5C25BBD6220013B3ED /* Sources */,
				FA4B3B5D25BBD6220013B3ED /* Frameworks */,
				FA4B3B5E25BBD6220013B3ED /* Resources */,
			);
			buildRules = (
			);
			dependencies = (
				FA4B3B6225BBD6220013B3ED /* PBXTargetDependency */,
			);
			name = InstaOneUITests;
			productName = InstaOneUITests;
			productReference = FA4B3B6025BBD6220013B3ED /* InstaOneUITests.xctest */;
			productType = "com.apple.product-type.bundle.ui-testing";
		};
/* End PBXNativeTarget section */

/* Begin PBXProject section */
		FA4B3B3725BBD6200013B3ED /* Project object */ = {
			isa = PBXProject;
			attributes = {
				LastSwiftUpdateCheck = 1230;
				LastUpgradeCheck = 1230;
				TargetAttributes = {
					FA4B3B3E25BBD6200013B3ED = {
						CreatedOnToolsVersion = 12.3;
					};
					FA4B3B5425BBD6220013B3ED = {
						CreatedOnToolsVersion = 12.3;
						TestTargetID = FA4B3B3E25BBD6200013B3ED;
					};
					FA4B3B5F25BBD6220013B3ED = {
						CreatedOnToolsVersion = 12.3;
						TestTargetID = FA4B3B3E25BBD6200013B3ED;
					};
				};
			};
			buildConfigurationList = FA4B3B3A25BBD6200013B3ED /* Build configuration list for PBXProject "InstaOne" */;
			compatibilityVersion = "Xcode 9.3";
			developmentRegion = en;
			hasScannedForEncodings = 0;
			knownRegions = (
				en,
				Base,
			);
			mainGroup = FA4B3B3625BBD6200013B3ED;
			productRefGroup = FA4B3B4025BBD6200013B3ED /* Products */;
			projectDirPath = "";
			projectRoot = "";
			targets = (
				FA4B3B3E25BBD6200013B3ED /* InstaOne */,
				FA4B3B5425BBD6220013B3ED /* InstaOneTests */,
				FA4B3B5F25BBD6220013B3ED /* InstaOneUITests */,
			);
		};
/* End PBXProject section */

/* Begin PBXResourcesBuildPhase section */
		FA4B3B3D25BBD6200013B3ED /* Resources */ = {
			isa = PBXResourcesBuildPhase;
			buildActionMask = 2147483647;
			files = (
				FA4B3B4F25BBD6210013B3ED /* LaunchScreen.storyboard in Resources */,
				FA4B3B4C25BBD6210013B3ED /* Preview Assets.xcassets in Resources */,
				FA4B3B4925BBD6210013B3ED /* Assets.xcassets in Resources */,
			);
			runOnlyForDeploymentPostprocessing = 0;
		};
		FA4B3B5325BBD6220013B3ED /* Resources */ = {
			isa = PBXResourcesBuildPhase;
			buildActionMask = 2147483647;
			files = (
			);
			runOnlyForDeploymentPostprocessing = 0;
		};
		FA4B3B5E25BBD6220013B3ED /* Resources */ = {
			isa = PBXResourcesBuildPhase;
			buildActionMask = 2147483647;
			files = (
			);
			runOnlyForDeploymentPostprocessing = 0;
		};
/* End PBXResourcesBuildPhase section */

/* Begin PBXSourcesBuildPhase section */
		FA4B3B3B25BBD6200013B3ED /* Sources */ = {
			isa = PBXSourcesBuildPhase;
			buildActionMask = 2147483647;
			files = (
				FA4B3B4325BBD6200013B3ED /* AppDelegate.swift in Sources */,
				FA4B3B4525BBD6200013B3ED /* SceneDelegate.swift in Sources */,
				FA4B3B4725BBD6200013B3ED /* ContentView.swift in Sources */,
			);
			runOnlyForDeploymentPostprocessing = 0;
		};
		FA4B3B5125BBD6220013B3ED /* Sources */ = {
			isa = PBXSourcesBuildPhase;
			buildActionMask = 2147483647;
			files = (
				FA4B3B5A25BBD6220013B3ED /* InstaOneTests.swift in Sources */,
			);
			runOnlyForDeploymentPostprocessing = 0;
		};
		FA4B3B5C25BBD6220013B3ED /* Sources */ = {
			isa = PBXSourcesBuildPhase;
			buildActionMask = 2147483647;
			files = (
				FA4B3B6525BBD6220013B3ED /* InstaOneUITests.swift in Sources */,
			);
			runOnlyForDeploymentPostprocessing = 0;
		};
/* End PBXSourcesBuildPhase section */

/* Begin PBXTargetDependency section */
		FA4B3B5725BBD6220013B3ED /* PBXTargetDependency */ = {
			isa = PBXTargetDependency;
			target = FA4B3B3E25BBD6200013B3ED /* InstaOne */;
			targetProxy = FA4B3B5625BBD6220013B3ED /* PBXContainerItemProxy */;
		};
		FA4B3B6225BBD6220013B3ED /* PBXTargetDependency */ = {
			isa = PBXTargetDependency;
			target = FA4B3B3E25BBD6200013B3ED /* InstaOne */;
			targetProxy = FA4B3B6125BBD6220013B3ED /* PBXContainerItemProxy */;
		};
/* End PBXTargetDependency section */

/* Begin PBXVariantGroup section */
		FA4B3B4D25BBD6210013B3ED /* LaunchScreen.storyboard */ = {
			isa = PBXVariantGroup;
			children = (
				FA4B3B4E25BBD6210013B3ED /* Base */,
			);
			name = LaunchScreen.storyboard;
			sourceTree = "<group>";
		};
/* End PBXVariantGroup section */

/* Begin XCBuildConfiguration section */
		FA4B3B6725BBD6220013B3ED /* Debug */ = {
			isa = XCBuildConfiguration;
			buildSettings = {
				ALWAYS_SEARCH_USER_PATHS = NO;
				CLANG_ANALYZER_NONNULL = YES;
				CLANG_ANALYZER_NUMBER_OBJECT_CONVERSION = YES_AGGRESSIVE;
				CLANG_CXX_LANGUAGE_STANDARD = "gnu++14";
				CLANG_CXX_LIBRARY = "libc++";
				CLANG_ENABLE_MODULES = YES;
				CLANG_ENABLE_OBJC_ARC = YES;
				CLANG_ENABLE_OBJC_WEAK = YES;
				CLANG_WARN_BLOCK_CAPTURE_AUTORELEASING = YES;
				CLANG_WARN_BOOL_CONVERSION = YES;
				CLANG_WARN_COMMA = YES;
				CLANG_WARN_CONSTANT_CONVERSION = YES;
				CLANG_WARN_DEPRECATED_OBJC_IMPLEMENTATIONS = YES;
				CLANG_WARN_DIRECT_OBJC_ISA_USAGE = YES_ERROR;
				CLANG_WARN_DOCUMENTATION_COMMENTS = YES;
				CLANG_WARN_EMPTY_BODY = YES;
				CLANG_WARN_ENUM_CONVERSION = YES;
				CLANG_WARN_INFINITE_RECURSION = YES;
				CLANG_WARN_INT_CONVERSION = YES;
				CLANG_WARN_NON_LITERAL_NULL_CONVERSION = YES;
				CLANG_WARN_OBJC_IMPLICIT_RETAIN_SELF = YES;
				CLANG_WARN_OBJC_LITERAL_CONVERSION = YES;
				CLANG_WARN_OBJC_ROOT_CLASS = YES_ERROR;
				CLANG_WARN_QUOTED_INCLUDE_IN_FRAMEWORK_HEADER = YES;
				CLANG_WARN_RANGE_LOOP_ANALYSIS = YES;
				CLANG_WARN_STRICT_PROTOTYPES = YES;
				CLANG_WARN_SUSPICIOUS_MOVE = YES;
				CLANG_WARN_UNGUARDED_AVAILABILITY = YES_AGGRESSIVE;
				CLANG_WARN_UNREACHABLE_CODE = YES;
				CLANG_WARN__DUPLICATE_METHOD_MATCH = YES;
				COPY_PHASE_STRIP = NO;
				DEBUG_INFORMATION_FORMAT = dwarf;
				ENABLE_STRICT_OBJC_MSGSEND = YES;
				ENABLE_TESTABILITY = YES;
				GCC_C_LANGUAGE_STANDARD = gnu11;
				GCC_DYNAMIC_NO_PIC = NO;
				GCC_NO_COMMON_BLOCKS = YES;
				GCC_OPTIMIZATION_LEVEL = 0;
				GCC_PREPROCESSOR_DEFINITIONS = (
					"DEBUG=1",
					"$(inherited)",
				);
				GCC_WARN_64_TO_32_BIT_CONVERSION = YES;
				GCC_WARN_ABOUT_RETURN_TYPE = YES_ERROR;
				GCC_WARN_UNDECLARED_SELECTOR = YES;
				GCC_WARN_UNINITIALIZED_AUTOS = YES_AGGRESSIVE;
				GCC_WARN_UNUSED_FUNCTION = YES;
				GCC_WARN_UNUSED_VARIABLE = YES;
				IPHONEOS_DEPLOYMENT_TARGET = 14.3;
				MTL_ENABLE_DEBUG_INFO = INCLUDE_SOURCE;
				MTL_FAST_MATH = YES;
				ONLY_ACTIVE_ARCH = YES;
				SDKROOT = iphoneos;
				SWIFT_ACTIVE_COMPILATION_CONDITIONS = DEBUG;
				SWIFT_OPTIMIZATION_LEVEL = "-Onone";
			};
			name = Debug;
		};
		FA4B3B6825BBD6220013B3ED /* Release */ = {
			isa = XCBuildConfiguration;
			buildSettings = {
				ALWAYS_SEARCH_USER_PATHS = NO;
				CLANG_ANALYZER_NONNULL = YES;
				CLANG_ANALYZER_NUMBER_OBJECT_CONVERSION = YES_AGGRESSIVE;
				CLANG_CXX_LANGUAGE_STANDARD = "gnu++14";
				CLANG_CXX_LIBRARY = "libc++";
				CLANG_ENABLE_MODULES = YES;
				CLANG_ENABLE_OBJC_ARC = YES;
				CLANG_ENABLE_OBJC_WEAK = YES;
				CLANG_WARN_BLOCK_CAPTURE_AUTORELEASING = YES;
				CLANG_WARN_BOOL_CONVERSION = YES;
				CLANG_WARN_COMMA = YES;
				CLANG_WARN_CONSTANT_CONVERSION = YES;
				CLANG_WARN_DEPRECATED_OBJC_IMPLEMENTATIONS = YES;
				CLANG_WARN_DIRECT_OBJC_ISA_USAGE = YES_ERROR;
				CLANG_WARN_DOCUMENTATION_COMMENTS = YES;
				CLANG_WARN_EMPTY_BODY = YES;
				CLANG_WARN_ENUM_CONVERSION = YES;
				CLANG_WARN_INFINITE_RECURSION = YES;
				CLANG_WARN_INT_CONVERSION = YES;
				CLANG_WARN_NON_LITERAL_NULL_CONVERSION = YES;
				CLANG_WARN_OBJC_IMPLICIT_RETAIN_SELF = YES;
				CLANG_WARN_OBJC_LITERAL_CONVERSION = YES;
				CLANG_WARN_OBJC_ROOT_CLASS = YES_ERROR;
				CLANG_WARN_QUOTED_INCLUDE_IN_FRAMEWORK_HEADER = YES;
				CLANG_WARN_RANGE_LOOP_ANALYSIS = YES;
				CLANG_WARN_STRICT_PROTOTYPES = YES;
				CLANG_WARN_SUSPICIOUS_MOVE = YES;
				CLANG_WARN_UNGUARDED_AVAILABILITY = YES_AGGRESSIVE;
				CLANG_WARN_UNREACHABLE_CODE = YES;
				CLANG_WARN__DUPLICATE_METHOD_MATCH = YES;
				COPY_PHASE_STRIP = NO;
				DEBUG_INFORMATION_FORMAT = "dwarf-with-dsym";
				ENABLE_NS_ASSERTIONS = NO;
				ENABLE_STRICT_OBJC_MSGSEND = YES;
				GCC_C_LANGUAGE_STANDARD = gnu11;
				GCC_NO_COMMON_BLOCKS = YES;
				GCC_WARN_64_TO_32_BIT_CONVERSION = YES;
				GCC_WARN_ABOUT_RETURN_TYPE = YES_ERROR;
				GCC_WARN_UNDECLARED_SELECTOR = YES;
				GCC_WARN_UNINITIALIZED_AUTOS = YES_AGGRESSIVE;
				GCC_WARN_UNUSED_FUNCTION = YES;
				GCC_WARN_UNUSED_VARIABLE = YES;
				IPHONEOS_DEPLOYMENT_TARGET = 14.3;
				MTL_ENABLE_DEBUG_INFO = NO;
				MTL_FAST_MATH = YES;
				SDKROOT = iphoneos;
				SWIFT_COMPILATION_MODE = wholemodule;
				SWIFT_OPTIMIZATION_LEVEL = "-O";
				VALIDATE_PRODUCT = YES;
			};
			name = Release;
		};
		FA4B3B6A25BBD6220013B3ED /* Debug */ = {
			isa = XCBuildConfiguration;
			buildSettings = {
				ASSETCATALOG_COMPILER_APPICON_NAME = AppIcon;
				ASSETCATALOG_COMPILER_GLOBAL_ACCENT_COLOR_NAME = AccentColor;
				CODE_SIGN_STYLE = Automatic;
				DEVELOPMENT_ASSET_PATHS = "\"InstaOne/Preview Content\"";
				DEVELOPMENT_TEAM = X4S6MUZL2D;
				ENABLE_PREVIEWS = YES;
				INFOPLIST_FILE = InstaOne/Info.plist;
				LD_RUNPATH_SEARCH_PATHS = (
					"$(inherited)",
					"@executable_path/Frameworks",
				);
				PRODUCT_BUNDLE_IDENTIFIER = com.skorulis.InstaOne;
				PRODUCT_NAME = "$(TARGET_NAME)";
				SWIFT_VERSION = 5.0;
				TARGETED_DEVICE_FAMILY = "1,2";
			};
			name = Debug;
		};
		FA4B3B6B25BBD6220013B3ED /* Release */ = {
			isa = XCBuildConfiguration;
			buildSettings = {
				ASSETCATALOG_COMPILER_APPICON_NAME = AppIcon;
				ASSETCATALOG_COMPILER_GLOBAL_ACCENT_COLOR_NAME = AccentColor;
				CODE_SIGN_STYLE = Automatic;
				DEVELOPMENT_ASSET_PATHS = "\"InstaOne/Preview Content\"";
				DEVELOPMENT_TEAM = X4S6MUZL2D;
				ENABLE_PREVIEWS = YES;
				INFOPLIST_FILE = InstaOne/Info.plist;
				LD_RUNPATH_SEARCH_PATHS = (
					"$(inherited)",
					"@executable_path/Frameworks",
				);
				PRODUCT_BUNDLE_IDENTIFIER = com.skorulis.InstaOne;
				PRODUCT_NAME = "$(TARGET_NAME)";
				SWIFT_VERSION = 5.0;
				TARGETED_DEVICE_FAMILY = "1,2";
			};
			name = Release;
		};
		FA4B3B6D25BBD6220013B3ED /* Debug */ = {
			isa = XCBuildConfiguration;
			buildSettings = {
				ALWAYS_EMBED_SWIFT_STANDARD_LIBRARIES = YES;
				BUNDLE_LOADER = "$(TEST_HOST)";
				CODE_SIGN_STYLE = Automatic;
				DEVELOPMENT_TEAM = X4S6MUZL2D;
				INFOPLIST_FILE = InstaOneTests/Info.plist;
				IPHONEOS_DEPLOYMENT_TARGET = 14.3;
				LD_RUNPATH_SEARCH_PATHS = (
					"$(inherited)",
					"@executable_path/Frameworks",
					"@loader_path/Frameworks",
				);
				PRODUCT_BUNDLE_IDENTIFIER = com.skorulis.InstaOneTests;
				PRODUCT_NAME = "$(TARGET_NAME)";
				SWIFT_VERSION = 5.0;
				TARGETED_DEVICE_FAMILY = "1,2";
				TEST_HOST = "$(BUILT_PRODUCTS_DIR)/InstaOne.app/InstaOne";
			};
			name = Debug;
		};
		FA4B3B6E25BBD6220013B3ED /* Release */ = {
			isa = XCBuildConfiguration;
			buildSettings = {
				ALWAYS_EMBED_SWIFT_STANDARD_LIBRARIES = YES;
				BUNDLE_LOADER = "$(TEST_HOST)";
				CODE_SIGN_STYLE = Automatic;
				DEVELOPMENT_TEAM = X4S6MUZL2D;
				INFOPLIST_FILE = InstaOneTests/Info.plist;
				IPHONEOS_DEPLOYMENT_TARGET = 14.3;
				LD_RUNPATH_SEARCH_PATHS = (
					"$(inherited)",
					"@executable_path/Frameworks",
					"@loader_path/Frameworks",
				);
				PRODUCT_BUNDLE_IDENTIFIER = com.skorulis.InstaOneTests;
				PRODUCT_NAME = "$(TARGET_NAME)";
				SWIFT_VERSION = 5.0;
				TARGETED_DEVICE_FAMILY = "1,2";
				TEST_HOST = "$(BUILT_PRODUCTS_DIR)/InstaOne.app/InstaOne";
			};
			name = Release;
		};
		FA4B3B7025BBD6220013B3ED /* Debug */ = {
			isa = XCBuildConfiguration;
			buildSettings = {
				ALWAYS_EMBED_SWIFT_STANDARD_LIBRARIES = YES;
				CODE_SIGN_STYLE = Automatic;
				DEVELOPMENT_TEAM = X4S6MUZL2D;
				INFOPLIST_FILE = InstaOneUITests/Info.plist;
				LD_RUNPATH_SEARCH_PATHS = (
					"$(inherited)",
					"@executable_path/Frameworks",
					"@loader_path/Frameworks",
				);
				PRODUCT_BUNDLE_IDENTIFIER = com.skorulis.InstaOneUITests;
				PRODUCT_NAME = "$(TARGET_NAME)";
				SWIFT_VERSION = 5.0;
				TARGETED_DEVICE_FAMILY = "1,2";
				TEST_TARGET_NAME = InstaOne;
			};
			name = Debug;
		};
		FA4B3B7125BBD6220013B3ED /* Release */ = {
			isa = XCBuildConfiguration;
			buildSettings = {
				ALWAYS_EMBED_SWIFT_STANDARD_LIBRARIES = YES;
				CODE_SIGN_STYLE = Automatic;
				DEVELOPMENT_TEAM = X4S6MUZL2D;
				INFOPLIST_FILE = InstaOneUITests/Info.plist;
				LD_RUNPATH_SEARCH_PATHS = (
					"$(inherited)",
					"@executable_path/Frameworks",
					"@loader_path/Frameworks",
				);
				PRODUCT_BUNDLE_IDENTIFIER = com.skorulis.InstaOneUITests;
				PRODUCT_NAME = "$(TARGET_NAME)";
				SWIFT_VERSION = 5.0;
				TARGETED_DEVICE_FAMILY = "1,2";
				TEST_TARGET_NAME = InstaOne;
			};
			name = Release;
		};
/* End XCBuildConfiguration section */

/* Begin XCConfigurationList section */
		FA4B3B3A25BBD6200013B3ED /* Build configuration list for PBXProject "InstaOne" */ = {
			isa = XCConfigurationList;
			buildConfigurations = (
				FA4B3B6725BBD6220013B3ED /* Debug */,
				FA4B3B6825BBD6220013B3ED /* Release */,
			);
			defaultConfigurationIsVisible = 0;
			defaultConfigurationName = Release;
		};
		FA4B3B6925BBD6220013B3ED /* Build configuration list for PBXNativeTarget "InstaOne" */ = {
			isa = XCConfigurationList;
			buildConfigurations = (
				FA4B3B6A25BBD6220013B3ED /* Debug */,
				FA4B3B6B25BBD6220013B3ED /* Release */,
			);
			defaultConfigurationIsVisible = 0;
			defaultConfigurationName = Release;
		};
		FA4B3B6C25BBD6220013B3ED /* Build configuration list for PBXNativeTarget "InstaOneTests" */ = {
			isa = XCConfigurationList;
			buildConfigurations = (
				FA4B3B6D25BBD6220013B3ED /* Debug */,
				FA4B3B6E25BBD6220013B3ED /* Release */,
			);
			defaultConfigurationIsVisible = 0;
			defaultConfigurationName = Release;
		};
		FA4B3B6F25BBD6220013B3ED /* Build configuration list for PBXNativeTarget "InstaOneUITests" */ = {
			isa = XCConfigurationList;
			buildConfigurations = (
				FA4B3B7025BBD6220013B3ED /* Debug */,
				FA4B3B7125BBD6220013B3ED /* Release */,
			);
			defaultConfigurationIsVisible = 0;
			defaultConfigurationName = Release;
		};
/* End XCConfigurationList section */
	};
	rootObject = FA4B3B3725BBD6200013B3ED /* Project object */;
}
