{
  "object": {
    "pins": [
      {
        "package": "ASNetworking",
        "repositoryURL": "git@github.com:skorulis/ASNetworking.git",
        "state": {
          "branch": "spm",
          "revision": "03392ec4a3cbe56f80976ed87ee59ea53b2dc3fe",
          "version": null
        }
      },
      {
        "package": "combine-schedulers",
        "repositoryURL": "https://github.com/pointfreeco/combine-schedulers",
        "state": {
          "branch": null,
          "revision": "ff42ec9061d864de7982162011321d3df5080c10",
          "version": "0.1.2"
        }
      },
      {
        "package": "ReactiveSwift",
        "repositoryURL": "https://github.com/ReactiveCocoa/ReactiveSwift.git",
        "state": {
          "branch": null,
          "revision": "e03cda84105ba707de039b757e2b2de868c65a3e",
          "version": "6.5.0"
        }
      },
      {
        "package": "RxSwift",
        "repositoryURL": "https://github.com/ReactiveX/RxSwift.git",
        "state": {
          "branch": null,
          "revision": "c8742ed97fc2f0c015a5ea5eddefb064cd7532d2",
          "version": "6.0.0"
        }
      },
      {
        "package": "swift-case-paths",
        "repositoryURL": "https://github.com/pointfreeco/swift-case-paths",
        "state": {
          "branch": null,
          "revision": "ed1838ab4fa5d47db8aa640736dd5b7672548873",
          "version": "0.1.2"
        }
      },
      {
        "package": "swift-composable-architecture",
        "repositoryURL": "git@github.com:pointfreeco/swift-composable-architecture.git",
        "state": {
          "branch": null,
          "revision": "37c6312ba43ec697063abe5956908db6b71aa68a",
          "version": "0.11.0"
        }
      },
      {
        "package": "SwiftRex",
        "repositoryURL": "git@github.com:SwiftRex/SwiftRex.git",
        "state": {
          "branch": null,
          "revision": "dd28fc14902cc1c918241e6768ec89d13ee91f78",
          "version": "0.8.2"
        }
      }
    ]
  },
  "version": 1
}
